// !$*UTF8*$!
{
	archiveVersion = 1;
	classes = {
	};
	objectVersion = 46;
	objects = {

/* Begin PBXBuildFile section */
		188B88261DD31410007871A4 /* XMGNavigationController.swift in Sources */ = {isa = PBXBuildFile; fileRef = 188B88251DD31410007871A4 /* XMGNavigationController.swift */; };
		18CAC9A51DD180B9006A328E /* AppDelegate.swift in Sources */ = {isa = PBXBuildFile; fileRef = 18CAC9A41DD180B9006A328E /* AppDelegate.swift */; };
		18CAC9AA1DD180B9006A328E /* Main.storyboard in Resources */ = {isa = PBXBuildFile; fileRef = 18CAC9A81DD180B9006A328E /* Main.storyboard */; };
		18CAC9AC1DD180B9006A328E /* Assets.xcassets in Resources */ = {isa = PBXBuildFile; fileRef = 18CAC9AB1DD180B9006A328E /* Assets.xcassets */; };
		18CAC9AF1DD180B9006A328E /* LaunchScreen.storyboard in Resources */ = {isa = PBXBuildFile; fileRef = 18CAC9AD1DD180B9006A328E /* LaunchScreen.storyboard */; };
		18CAC9BF1DD1811A006A328E /* UIColor-Extension.swift in Sources */ = {isa = PBXBuildFile; fileRef = 18CAC9BC1DD1811A006A328E /* UIColor-Extension.swift */; };
		18CAC9C21DD18171006A328E /* Home.storyboard in Resources */ = {isa = PBXBuildFile; fileRef = 18CAC9C01DD18171006A328E /* Home.storyboard */; };
		18CAC9C41DD181B7006A328E /* Rank.storyboard in Resources */ = {isa = PBXBuildFile; fileRef = 18CAC9C31DD181B7006A328E /* Rank.storyboard */; };
		18CAC9C71DD18219006A328E /* Discover.storyboard in Resources */ = {isa = PBXBuildFile; fileRef = 18CAC9C51DD18219006A328E /* Discover.storyboard */; };
		18CAC9C91DD182A4006A328E /* Profile.storyboard in Resources */ = {isa = PBXBuildFile; fileRef = 18CAC9C81DD182A4006A328E /* Profile.storyboard */; };
		18CAC9CC1DD182E7006A328E /* MainViewController.swift in Sources */ = {isa = PBXBuildFile; fileRef = 18CAC9CB1DD182E7006A328E /* MainViewController.swift */; };
		18CAC9D11DD18750006A328E /* HomeViewController.swift in Sources */ = {isa = PBXBuildFile; fileRef = 18CAC9D01DD18750006A328E /* HomeViewController.swift */; };
		18CAC9DA1DD2AEDD006A328E /* HYContentView.swift in Sources */ = {isa = PBXBuildFile; fileRef = 18CAC9D51DD2AEDD006A328E /* HYContentView.swift */; };
		18CAC9DB1DD2AEDD006A328E /* HYPageView.swift in Sources */ = {isa = PBXBuildFile; fileRef = 18CAC9D61DD2AEDD006A328E /* HYPageView.swift */; };
		18CAC9DC1DD2AEDD006A328E /* HYTitleStyle.swift in Sources */ = {isa = PBXBuildFile; fileRef = 18CAC9D71DD2AEDD006A328E /* HYTitleStyle.swift */; };
		18CAC9DD1DD2AEDD006A328E /* HYTitleView.swift in Sources */ = {isa = PBXBuildFile; fileRef = 18CAC9D81DD2AEDD006A328E /* HYTitleView.swift */; };
		18CAC9E11DD2B025006A328E /* Const.swift in Sources */ = {isa = PBXBuildFile; fileRef = 18CAC9E01DD2B025006A328E /* Const.swift */; };
		18CAC9E41DD2B248006A328E /* types.plist in Resources */ = {isa = PBXBuildFile; fileRef = 18CAC9E31DD2B248006A328E /* types.plist */; };
		18CAC9E61DD2B2A3006A328E /* HomeType.swift in Sources */ = {isa = PBXBuildFile; fileRef = 18CAC9E51DD2B2A3006A328E /* HomeType.swift */; };
		18CAC9E81DD2B43E006A328E /* AnchorViewController.swift in Sources */ = {isa = PBXBuildFile; fileRef = 18CAC9E71DD2B43E006A328E /* AnchorViewController.swift */; };
		18CAC9EB1DD2B85D006A328E /* WaterfallLayout.swift in Sources */ = {isa = PBXBuildFile; fileRef = 18CAC9EA1DD2B85D006A328E /* WaterfallLayout.swift */; };
		18CACA0C1DD2C402006A328E /* NetworkTools.swift in Sources */ = {isa = PBXBuildFile; fileRef = 18CACA0B1DD2C401006A328E /* NetworkTools.swift */; };
		18CACA0E1DD2C540006A328E /* HomeViewModel.swift in Sources */ = {isa = PBXBuildFile; fileRef = 18CACA0D1DD2C540006A328E /* HomeViewModel.swift */; };
		18CACA101DD2C754006A328E /* AnchorModel.swift in Sources */ = {isa = PBXBuildFile; fileRef = 18CACA0F1DD2C754006A328E /* AnchorModel.swift */; };
		18CACA161DD2C800006A328E /* BaseModel.swift in Sources */ = {isa = PBXBuildFile; fileRef = 18CACA151DD2C800006A328E /* BaseModel.swift */; };
		18CACA191DD2C964006A328E /* HomeViewCell.swift in Sources */ = {isa = PBXBuildFile; fileRef = 18CACA171DD2C964006A328E /* HomeViewCell.swift */; };
		18CACA1A1DD2C964006A328E /* HomeViewCell.xib in Resources */ = {isa = PBXBuildFile; fileRef = 18CACA181DD2C964006A328E /* HomeViewCell.xib */; };
		18CACA1C1DD2CCA4006A328E /* KingfisherExtension.swift in Sources */ = {isa = PBXBuildFile; fileRef = 18CACA1B1DD2CCA4006A328E /* KingfisherExtension.swift */; };
		18CACA1E1DD301E9006A328E /* NSDate-Extension.swift in Sources */ = {isa = PBXBuildFile; fileRef = 18CACA1D1DD301E9006A328E /* NSDate-Extension.swift */; };
		69C64EF499B8C66E9F7B203C /* Pods_XMGTV.framework in Frameworks */ = {isa = PBXBuildFile; fileRef = F5A85314F85036600EA81B3D /* Pods_XMGTV.framework */; };
		8695910D1ECAFA1400B8855D /* HYPageCollectionView.swift in Sources */ = {isa = PBXBuildFile; fileRef = 8695910B1ECAFA1400B8855D /* HYPageCollectionView.swift */; };
		8695910E1ECAFA1400B8855D /* HYPageCollectionViewLayout.swift in Sources */ = {isa = PBXBuildFile; fileRef = 8695910C1ECAFA1400B8855D /* HYPageCollectionViewLayout.swift */; };
		869591271ECAFA8800B8855D /* RoomViewController.swift in Sources */ = {isa = PBXBuildFile; fileRef = 869591111ECAFA8800B8855D /* RoomViewController.swift */; };
		869591281ECAFA8800B8855D /* RoomViewController.xib in Resources */ = {isa = PBXBuildFile; fileRef = 869591121ECAFA8800B8855D /* RoomViewController.xib */; };
		869591291ECAFA8800B8855D /* Emoticon.swift in Sources */ = {isa = PBXBuildFile; fileRef = 869591141ECAFA8800B8855D /* Emoticon.swift */; };
		8695912A1ECAFA8800B8855D /* EmoticonPackage.swift in Sources */ = {isa = PBXBuildFile; fileRef = 869591151ECAFA8800B8855D /* EmoticonPackage.swift */; };
		8695912B1ECAFA8800B8855D /* GiftModel.swift in Sources */ = {isa = PBXBuildFile; fileRef = 869591161ECAFA8800B8855D /* GiftModel.swift */; };
		8695912C1ECAFA8800B8855D /* GiftPackage.swift in Sources */ = {isa = PBXBuildFile; fileRef = 869591171ECAFA8800B8855D /* GiftPackage.swift */; };
		8695912D1ECAFA8800B8855D /* ChatToolsView.swift in Sources */ = {isa = PBXBuildFile; fileRef = 8695911A1ECAFA8800B8855D /* ChatToolsView.swift */; };
		8695912E1ECAFA8800B8855D /* ChatToolsView.xib in Resources */ = {isa = PBXBuildFile; fileRef = 8695911B1ECAFA8800B8855D /* ChatToolsView.xib */; };
		8695912F1ECAFA8800B8855D /* EmoticonView.swift in Sources */ = {isa = PBXBuildFile; fileRef = 8695911C1ECAFA8800B8855D /* EmoticonView.swift */; };
		869591301ECAFA8800B8855D /* EmoticonViewCell.swift in Sources */ = {isa = PBXBuildFile; fileRef = 8695911D1ECAFA8800B8855D /* EmoticonViewCell.swift */; };
		869591311ECAFA8800B8855D /* EmoticonViewCell.xib in Resources */ = {isa = PBXBuildFile; fileRef = 8695911E1ECAFA8800B8855D /* EmoticonViewCell.xib */; };
		869591321ECAFA8800B8855D /* GiftListView.swift in Sources */ = {isa = PBXBuildFile; fileRef = 869591201ECAFA8800B8855D /* GiftListView.swift */; };
		869591331ECAFA8800B8855D /* GiftListView.xib in Resources */ = {isa = PBXBuildFile; fileRef = 869591211ECAFA8800B8855D /* GiftListView.xib */; };
		869591341ECAFA8800B8855D /* GiftViewCell.swift in Sources */ = {isa = PBXBuildFile; fileRef = 869591221ECAFA8800B8855D /* GiftViewCell.swift */; };
		869591351ECAFA8800B8855D /* GiftViewCell.xib in Resources */ = {isa = PBXBuildFile; fileRef = 869591231ECAFA8800B8855D /* GiftViewCell.xib */; };
		869591361ECAFA8800B8855D /* EmoticonViewModel.swift in Sources */ = {isa = PBXBuildFile; fileRef = 869591251ECAFA8800B8855D /* EmoticonViewModel.swift */; };
		869591371ECAFA8800B8855D /* GiftViewModel.swift in Sources */ = {isa = PBXBuildFile; fileRef = 869591261ECAFA8800B8855D /* GiftViewModel.swift */; };
		869591391ECAFAA100B8855D /* NibLoadable.swift in Sources */ = {isa = PBXBuildFile; fileRef = 869591381ECAFAA100B8855D /* NibLoadable.swift */; };
		86E7F14D1EC1B39200249043 /* Emitterable.swift in Sources */ = {isa = PBXBuildFile; fileRef = 86E7F14C1EC1B39200249043 /* Emitterable.swift */; };
/* End PBXBuildFile section */

/* Begin PBXFileReference section */
		188B88251DD31410007871A4 /* XMGNavigationController.swift */ = {isa = PBXFileReference; fileEncoding = 4; lastKnownFileType = sourcecode.swift; path = XMGNavigationController.swift; sourceTree = "<group>"; };
		18CAC9A11DD180B9006A328E /* XMGTV.app */ = {isa = PBXFileReference; explicitFileType = wrapper.application; includeInIndex = 0; path = XMGTV.app; sourceTree = BUILT_PRODUCTS_DIR; };
		18CAC9A41DD180B9006A328E /* AppDelegate.swift */ = {isa = PBXFileReference; lastKnownFileType = sourcecode.swift; path = AppDelegate.swift; sourceTree = "<group>"; };
		18CAC9A91DD180B9006A328E /* Base */ = {isa = PBXFileReference; lastKnownFileType = file.storyboard; name = Base; path = Base.lproj/Main.storyboard; sourceTree = "<group>"; };
		18CAC9AB1DD180B9006A328E /* Assets.xcassets */ = {isa = PBXFileReference; lastKnownFileType = folder.assetcatalog; path = Assets.xcassets; sourceTree = "<group>"; };
		18CAC9AE1DD180B9006A328E /* Base */ = {isa = PBXFileReference; lastKnownFileType = file.storyboard; name = Base; path = Base.lproj/LaunchScreen.storyboard; sourceTree = "<group>"; };
		18CAC9B01DD180B9006A328E /* Info.plist */ = {isa = PBXFileReference; lastKnownFileType = text.plist.xml; path = Info.plist; sourceTree = "<group>"; };
		18CAC9BC1DD1811A006A328E /* UIColor-Extension.swift */ = {isa = PBXFileReference; fileEncoding = 4; lastKnownFileType = sourcecode.swift; path = "UIColor-Extension.swift"; sourceTree = "<group>"; };
		18CAC9C11DD18171006A328E /* Base */ = {isa = PBXFileReference; lastKnownFileType = file.storyboard; name = Base; path = Base.lproj/Home.storyboard; sourceTree = "<group>"; };
		18CAC9C31DD181B7006A328E /* Rank.storyboard */ = {isa = PBXFileReference; fileEncoding = 4; lastKnownFileType = file.storyboard; name = Rank.storyboard; path = ../../Rank.storyboard; sourceTree = "<group>"; };
		18CAC9C61DD18219006A328E /* Base */ = {isa = PBXFileReference; lastKnownFileType = file.storyboard; name = Base; path = Base.lproj/Discover.storyboard; sourceTree = "<group>"; };
		18CAC9C81DD182A4006A328E /* Profile.storyboard */ = {isa = PBXFileReference; fileEncoding = 4; lastKnownFileType = file.storyboard; name = Profile.storyboard; path = ../../Profile.storyboard; sourceTree = "<group>"; };
		18CAC9CB1DD182E7006A328E /* MainViewController.swift */ = {isa = PBXFileReference; fileEncoding = 4; lastKnownFileType = sourcecode.swift; path = MainViewController.swift; sourceTree = "<group>"; };
		18CAC9D01DD18750006A328E /* HomeViewController.swift */ = {isa = PBXFileReference; fileEncoding = 4; lastKnownFileType = sourcecode.swift; path = HomeViewController.swift; sourceTree = "<group>"; };
		18CAC9D51DD2AEDD006A328E /* HYContentView.swift */ = {isa = PBXFileReference; fileEncoding = 4; lastKnownFileType = sourcecode.swift; path = HYContentView.swift; sourceTree = "<group>"; };
		18CAC9D61DD2AEDD006A328E /* HYPageView.swift */ = {isa = PBXFileReference; fileEncoding = 4; lastKnownFileType = sourcecode.swift; path = HYPageView.swift; sourceTree = "<group>"; };
		18CAC9D71DD2AEDD006A328E /* HYTitleStyle.swift */ = {isa = PBXFileReference; fileEncoding = 4; lastKnownFileType = sourcecode.swift; path = HYTitleStyle.swift; sourceTree = "<group>"; };
		18CAC9D81DD2AEDD006A328E /* HYTitleView.swift */ = {isa = PBXFileReference; fileEncoding = 4; lastKnownFileType = sourcecode.swift; path = HYTitleView.swift; sourceTree = "<group>"; };
		18CAC9E01DD2B025006A328E /* Const.swift */ = {isa = PBXFileReference; fileEncoding = 4; lastKnownFileType = sourcecode.swift; path = Const.swift; sourceTree = "<group>"; };
		18CAC9E31DD2B248006A328E /* types.plist */ = {isa = PBXFileReference; fileEncoding = 4; lastKnownFileType = text.plist.xml; path = types.plist; sourceTree = "<group>"; };
		18CAC9E51DD2B2A3006A328E /* HomeType.swift */ = {isa = PBXFileReference; fileEncoding = 4; lastKnownFileType = sourcecode.swift; path = HomeType.swift; sourceTree = "<group>"; };
		18CAC9E71DD2B43E006A328E /* AnchorViewController.swift */ = {isa = PBXFileReference; fileEncoding = 4; lastKnownFileType = sourcecode.swift; path = AnchorViewController.swift; sourceTree = "<group>"; };
		18CAC9EA1DD2B85D006A328E /* WaterfallLayout.swift */ = {isa = PBXFileReference; fileEncoding = 4; lastKnownFileType = sourcecode.swift; path = WaterfallLayout.swift; sourceTree = "<group>"; };
		18CACA0B1DD2C401006A328E /* NetworkTools.swift */ = {isa = PBXFileReference; fileEncoding = 4; lastKnownFileType = sourcecode.swift; path = NetworkTools.swift; sourceTree = "<group>"; };
		18CACA0D1DD2C540006A328E /* HomeViewModel.swift */ = {isa = PBXFileReference; fileEncoding = 4; lastKnownFileType = sourcecode.swift; path = HomeViewModel.swift; sourceTree = "<group>"; };
		18CACA0F1DD2C754006A328E /* AnchorModel.swift */ = {isa = PBXFileReference; fileEncoding = 4; lastKnownFileType = sourcecode.swift; path = AnchorModel.swift; sourceTree = "<group>"; };
		18CACA151DD2C800006A328E /* BaseModel.swift */ = {isa = PBXFileReference; fileEncoding = 4; lastKnownFileType = sourcecode.swift; path = BaseModel.swift; sourceTree = "<group>"; };
		18CACA171DD2C964006A328E /* HomeViewCell.swift */ = {isa = PBXFileReference; fileEncoding = 4; lastKnownFileType = sourcecode.swift; path = HomeViewCell.swift; sourceTree = "<group>"; };
		18CACA181DD2C964006A328E /* HomeViewCell.xib */ = {isa = PBXFileReference; fileEncoding = 4; lastKnownFileType = file.xib; path = HomeViewCell.xib; sourceTree = "<group>"; };
		18CACA1B1DD2CCA4006A328E /* KingfisherExtension.swift */ = {isa = PBXFileReference; fileEncoding = 4; lastKnownFileType = sourcecode.swift; path = KingfisherExtension.swift; sourceTree = "<group>"; };
		18CACA1D1DD301E9006A328E /* NSDate-Extension.swift */ = {isa = PBXFileReference; fileEncoding = 4; lastKnownFileType = sourcecode.swift; path = "NSDate-Extension.swift"; sourceTree = "<group>"; };
		8695910B1ECAFA1400B8855D /* HYPageCollectionView.swift */ = {isa = PBXFileReference; fileEncoding = 4; lastKnownFileType = sourcecode.swift; path = HYPageCollectionView.swift; sourceTree = "<group>"; };
		8695910C1ECAFA1400B8855D /* HYPageCollectionViewLayout.swift */ = {isa = PBXFileReference; fileEncoding = 4; lastKnownFileType = sourcecode.swift; path = HYPageCollectionViewLayout.swift; sourceTree = "<group>"; };
		869591111ECAFA8800B8855D /* RoomViewController.swift */ = {isa = PBXFileReference; fileEncoding = 4; lastKnownFileType = sourcecode.swift; path = RoomViewController.swift; sourceTree = "<group>"; };
		869591121ECAFA8800B8855D /* RoomViewController.xib */ = {isa = PBXFileReference; fileEncoding = 4; lastKnownFileType = file.xib; path = RoomViewController.xib; sourceTree = "<group>"; };
		869591141ECAFA8800B8855D /* Emoticon.swift */ = {isa = PBXFileReference; fileEncoding = 4; lastKnownFileType = sourcecode.swift; path = Emoticon.swift; sourceTree = "<group>"; };
		869591151ECAFA8800B8855D /* EmoticonPackage.swift */ = {isa = PBXFileReference; fileEncoding = 4; lastKnownFileType = sourcecode.swift; path = EmoticonPackage.swift; sourceTree = "<group>"; };
		869591161ECAFA8800B8855D /* GiftModel.swift */ = {isa = PBXFileReference; fileEncoding = 4; lastKnownFileType = sourcecode.swift; path = GiftModel.swift; sourceTree = "<group>"; };
		869591171ECAFA8800B8855D /* GiftPackage.swift */ = {isa = PBXFileReference; fileEncoding = 4; lastKnownFileType = sourcecode.swift; path = GiftPackage.swift; sourceTree = "<group>"; };
		8695911A1ECAFA8800B8855D /* ChatToolsView.swift */ = {isa = PBXFileReference; fileEncoding = 4; lastKnownFileType = sourcecode.swift; path = ChatToolsView.swift; sourceTree = "<group>"; };
		8695911B1ECAFA8800B8855D /* ChatToolsView.xib */ = {isa = PBXFileReference; fileEncoding = 4; lastKnownFileType = file.xib; path = ChatToolsView.xib; sourceTree = "<group>"; };
		8695911C1ECAFA8800B8855D /* EmoticonView.swift */ = {isa = PBXFileReference; fileEncoding = 4; lastKnownFileType = sourcecode.swift; path = EmoticonView.swift; sourceTree = "<group>"; };
		8695911D1ECAFA8800B8855D /* EmoticonViewCell.swift */ = {isa = PBXFileReference; fileEncoding = 4; lastKnownFileType = sourcecode.swift; path = EmoticonViewCell.swift; sourceTree = "<group>"; };
		8695911E1ECAFA8800B8855D /* EmoticonViewCell.xib */ = {isa = PBXFileReference; fileEncoding = 4; lastKnownFileType = file.xib; path = EmoticonViewCell.xib; sourceTree = "<group>"; };
		869591201ECAFA8800B8855D /* GiftListView.swift */ = {isa = PBXFileReference; fileEncoding = 4; lastKnownFileType = sourcecode.swift; path = GiftListView.swift; sourceTree = "<group>"; };
		869591211ECAFA8800B8855D /* GiftListView.xib */ = {isa = PBXFileReference; fileEncoding = 4; lastKnownFileType = file.xib; path = GiftListView.xib; sourceTree = "<group>"; };
		869591221ECAFA8800B8855D /* GiftViewCell.swift */ = {isa = PBXFileReference; fileEncoding = 4; lastKnownFileType = sourcecode.swift; path = GiftViewCell.swift; sourceTree = "<group>"; };
		869591231ECAFA8800B8855D /* GiftViewCell.xib */ = {isa = PBXFileReference; fileEncoding = 4; lastKnownFileType = file.xib; path = GiftViewCell.xib; sourceTree = "<group>"; };
		869591251ECAFA8800B8855D /* EmoticonViewModel.swift */ = {isa = PBXFileReference; fileEncoding = 4; lastKnownFileType = sourcecode.swift; path = EmoticonViewModel.swift; sourceTree = "<group>"; };
		869591261ECAFA8800B8855D /* GiftViewModel.swift */ = {isa = PBXFileReference; fileEncoding = 4; lastKnownFileType = sourcecode.swift; path = GiftViewModel.swift; sourceTree = "<group>"; };
		869591381ECAFAA100B8855D /* NibLoadable.swift */ = {isa = PBXFileReference; fileEncoding = 4; lastKnownFileType = sourcecode.swift; path = NibLoadable.swift; sourceTree = "<group>"; };
		86E7F14C1EC1B39200249043 /* Emitterable.swift */ = {isa = PBXFileReference; fileEncoding = 4; lastKnownFileType = sourcecode.swift; path = Emitterable.swift; sourceTree = "<group>"; };
		9F04B7D56BAD3BAEB8F6EBDD /* Pods-XMGTV.debug.xcconfig */ = {isa = PBXFileReference; includeInIndex = 1; lastKnownFileType = text.xcconfig; name = "Pods-XMGTV.debug.xcconfig"; path = "Pods/Target Support Files/Pods-XMGTV/Pods-XMGTV.debug.xcconfig"; sourceTree = "<group>"; };
		C4EFB323AAEB2F5068874C43 /* Pods-XMGTV.release.xcconfig */ = {isa = PBXFileReference; includeInIndex = 1; lastKnownFileType = text.xcconfig; name = "Pods-XMGTV.release.xcconfig"; path = "Pods/Target Support Files/Pods-XMGTV/Pods-XMGTV.release.xcconfig"; sourceTree = "<group>"; };
		F5A85314F85036600EA81B3D /* Pods_XMGTV.framework */ = {isa = PBXFileReference; explicitFileType = wrapper.framework; includeInIndex = 0; path = Pods_XMGTV.framework; sourceTree = BUILT_PRODUCTS_DIR; };
/* End PBXFileReference section */

/* Begin PBXFrameworksBuildPhase section */
		18CAC99E1DD180B9006A328E /* Frameworks */ = {
			isa = PBXFrameworksBuildPhase;
			buildActionMask = 2147483647;
			files = (
				69C64EF499B8C66E9F7B203C /* Pods_XMGTV.framework in Frameworks */,
			);
			runOnlyForDeploymentPostprocessing = 0;
		};
/* End PBXFrameworksBuildPhase section */

/* Begin PBXGroup section */
		18CAC9981DD180B9006A328E = {
			isa = PBXGroup;
			children = (
				18CAC9A31DD180B9006A328E /* XMGTV */,
				18CAC9A21DD180B9006A328E /* Products */,
				8E2929569C9931240CCC6B11 /* Pods */,
				B59F3C725219A4E55306EC6A /* Frameworks */,
			);
			sourceTree = "<group>";
		};
		18CAC9A21DD180B9006A328E /* Products */ = {
			isa = PBXGroup;
			children = (
				18CAC9A11DD180B9006A328E /* XMGTV.app */,
			);
			name = Products;
			sourceTree = "<group>";
		};
		18CAC9A31DD180B9006A328E /* XMGTV */ = {
			isa = PBXGroup;
			children = (
				18CAC9E21DD2B233006A328E /* Resource */,
				18CAC9B61DD1811A006A328E /* Classes */,
				18CAC9A41DD180B9006A328E /* AppDelegate.swift */,
				18CAC9A81DD180B9006A328E /* Main.storyboard */,
				18CAC9AB1DD180B9006A328E /* Assets.xcassets */,
				18CAC9AD1DD180B9006A328E /* LaunchScreen.storyboard */,
				18CAC9B01DD180B9006A328E /* Info.plist */,
			);
			path = XMGTV;
			sourceTree = "<group>";
		};
		18CAC9B61DD1811A006A328E /* Classes */ = {
			isa = PBXGroup;
			children = (
				8695910F1ECAFA8800B8855D /* Live */,
				18CAC9B71DD1811A006A328E /* Base */,
				18CAC9BA1DD1811A006A328E /* Main */,
				18CAC9B91DD1811A006A328E /* Home */,
				18CAC9BE1DD1811A006A328E /* Rank */,
				18CAC9B81DD1811A006A328E /* Discover */,
				18CAC9BD1DD1811A006A328E /* Profile */,
				18CAC9EC1DD2BC7D006A328E /* Tools */,
			);
			path = Classes;
			sourceTree = "<group>";
		};
		18CAC9B71DD1811A006A328E /* Base */ = {
			isa = PBXGroup;
			children = (
				18CACA141DD2C7E8006A328E /* ViewModel */,
				18CACA121DD2C7E8006A328E /* Model */,
				18CACA131DD2C7E8006A328E /* View */,
				18CACA111DD2C7E8006A328E /* Controller */,
			);
			path = Base;
			sourceTree = "<group>";
		};
		18CAC9B81DD1811A006A328E /* Discover */ = {
			isa = PBXGroup;
			children = (
				18CAC9C51DD18219006A328E /* Discover.storyboard */,
			);
			path = Discover;
			sourceTree = "<group>";
		};
		18CAC9B91DD1811A006A328E /* Home */ = {
			isa = PBXGroup;
			children = (
				18CAC9E91DD2B852006A328E /* Other */,
				18CAC9CD1DD18747006A328E /* Controller */,
				18CAC9CE1DD18747006A328E /* Model */,
				18CAC9CF1DD18747006A328E /* View */,
			);
			path = Home;
			sourceTree = "<group>";
		};
		18CAC9BA1DD1811A006A328E /* Main */ = {
			isa = PBXGroup;
			children = (
				86E7F14B1EC1B38000249043 /* Protocol */,
				18CAC9DF1DD2AFDA006A328E /* Common */,
				18CAC9D41DD2AEDD006A328E /* HYPageView */,
				18CAC9CA1DD182D9006A328E /* Controller */,
				18CAC9BB1DD1811A006A328E /* Extension */,
			);
			path = Main;
			sourceTree = "<group>";
		};
		18CAC9BB1DD1811A006A328E /* Extension */ = {
			isa = PBXGroup;
			children = (
				18CACA1D1DD301E9006A328E /* NSDate-Extension.swift */,
				18CAC9BC1DD1811A006A328E /* UIColor-Extension.swift */,
			);
			path = Extension;
			sourceTree = "<group>";
		};
		18CAC9BD1DD1811A006A328E /* Profile */ = {
			isa = PBXGroup;
			children = (
				18CAC9C81DD182A4006A328E /* Profile.storyboard */,
			);
			path = Profile;
			sourceTree = "<group>";
		};
		18CAC9BE1DD1811A006A328E /* Rank */ = {
			isa = PBXGroup;
			children = (
				18CAC9C31DD181B7006A328E /* Rank.storyboard */,
			);
			path = Rank;
			sourceTree = "<group>";
		};
		18CAC9CA1DD182D9006A328E /* Controller */ = {
			isa = PBXGroup;
			children = (
				18CAC9CB1DD182E7006A328E /* MainViewController.swift */,
				188B88251DD31410007871A4 /* XMGNavigationController.swift */,
			);
			path = Controller;
			sourceTree = "<group>";
		};
		18CAC9CD1DD18747006A328E /* Controller */ = {
			isa = PBXGroup;
			children = (
				18CAC9C01DD18171006A328E /* Home.storyboard */,
				18CAC9D01DD18750006A328E /* HomeViewController.swift */,
				18CAC9E71DD2B43E006A328E /* AnchorViewController.swift */,
			);
			path = Controller;
			sourceTree = "<group>";
		};
		18CAC9CE1DD18747006A328E /* Model */ = {
			isa = PBXGroup;
			children = (
				18CAC9E51DD2B2A3006A328E /* HomeType.swift */,
				18CACA0F1DD2C754006A328E /* AnchorModel.swift */,
			);
			path = Model;
			sourceTree = "<group>";
		};
		18CAC9CF1DD18747006A328E /* View */ = {
			isa = PBXGroup;
			children = (
				18CACA171DD2C964006A328E /* HomeViewCell.swift */,
				18CACA181DD2C964006A328E /* HomeViewCell.xib */,
			);
			path = View;
			sourceTree = "<group>";
		};
		18CAC9D41DD2AEDD006A328E /* HYPageView */ = {
			isa = PBXGroup;
			children = (
				18CAC9D61DD2AEDD006A328E /* HYPageView.swift */,
				18CAC9D71DD2AEDD006A328E /* HYTitleStyle.swift */,
				18CAC9D81DD2AEDD006A328E /* HYTitleView.swift */,
				18CAC9D51DD2AEDD006A328E /* HYContentView.swift */,
				8695910B1ECAFA1400B8855D /* HYPageCollectionView.swift */,
				8695910C1ECAFA1400B8855D /* HYPageCollectionViewLayout.swift */,
			);
			path = HYPageView;
			sourceTree = "<group>";
		};
		18CAC9DF1DD2AFDA006A328E /* Common */ = {
			isa = PBXGroup;
			children = (
				18CAC9E01DD2B025006A328E /* Const.swift */,
			);
			path = Common;
			sourceTree = "<group>";
		};
		18CAC9E21DD2B233006A328E /* Resource */ = {
			isa = PBXGroup;
			children = (
				18CAC9E31DD2B248006A328E /* types.plist */,
			);
			path = Resource;
			sourceTree = "<group>";
		};
		18CAC9E91DD2B852006A328E /* Other */ = {
			isa = PBXGroup;
			children = (
				18CAC9EA1DD2B85D006A328E /* WaterfallLayout.swift */,
				18CACA0D1DD2C540006A328E /* HomeViewModel.swift */,
			);
			path = Other;
			sourceTree = "<group>";
		};
		18CAC9EC1DD2BC7D006A328E /* Tools */ = {
			isa = PBXGroup;
			children = (
				18CACA0B1DD2C401006A328E /* NetworkTools.swift */,
				18CACA1B1DD2CCA4006A328E /* KingfisherExtension.swift */,
			);
			name = Tools;
			path = Profile/Tools;
			sourceTree = "<group>";
		};
		18CACA111DD2C7E8006A328E /* Controller */ = {
			isa = PBXGroup;
			children = (
			);
			path = Controller;
			sourceTree = "<group>";
		};
		18CACA121DD2C7E8006A328E /* Model */ = {
			isa = PBXGroup;
			children = (
				18CACA151DD2C800006A328E /* BaseModel.swift */,
			);
			path = Model;
			sourceTree = "<group>";
		};
		18CACA131DD2C7E8006A328E /* View */ = {
			isa = PBXGroup;
			children = (
			);
			path = View;
			sourceTree = "<group>";
		};
		18CACA141DD2C7E8006A328E /* ViewModel */ = {
			isa = PBXGroup;
			children = (
			);
			path = ViewModel;
			sourceTree = "<group>";
		};
		8695910F1ECAFA8800B8855D /* Live */ = {
			isa = PBXGroup;
			children = (
				869591101ECAFA8800B8855D /* Controller */,
				869591131ECAFA8800B8855D /* Model */,
				869591181ECAFA8800B8855D /* View */,
				869591241ECAFA8800B8855D /* ViewModel */,
			);
			path = Live;
			sourceTree = "<group>";
		};
		869591101ECAFA8800B8855D /* Controller */ = {
			isa = PBXGroup;
			children = (
				869591111ECAFA8800B8855D /* RoomViewController.swift */,
				869591121ECAFA8800B8855D /* RoomViewController.xib */,
			);
			path = Controller;
			sourceTree = "<group>";
		};
		869591131ECAFA8800B8855D /* Model */ = {
			isa = PBXGroup;
			children = (
				869591141ECAFA8800B8855D /* Emoticon.swift */,
				869591151ECAFA8800B8855D /* EmoticonPackage.swift */,
				869591161ECAFA8800B8855D /* GiftModel.swift */,
				869591171ECAFA8800B8855D /* GiftPackage.swift */,
			);
			path = Model;
			sourceTree = "<group>";
		};
		869591181ECAFA8800B8855D /* View */ = {
			isa = PBXGroup;
			children = (
				869591191ECAFA8800B8855D /* ChatView */,
				8695911F1ECAFA8800B8855D /* GiftView */,
			);
			path = View;
			sourceTree = "<group>";
		};
		869591191ECAFA8800B8855D /* ChatView */ = {
			isa = PBXGroup;
			children = (
				8695911A1ECAFA8800B8855D /* ChatToolsView.swift */,
				8695911B1ECAFA8800B8855D /* ChatToolsView.xib */,
				8695911C1ECAFA8800B8855D /* EmoticonView.swift */,
				8695911D1ECAFA8800B8855D /* EmoticonViewCell.swift */,
				8695911E1ECAFA8800B8855D /* EmoticonViewCell.xib */,
			);
			path = ChatView;
			sourceTree = "<group>";
		};
		8695911F1ECAFA8800B8855D /* GiftView */ = {
			isa = PBXGroup;
			children = (
				869591201ECAFA8800B8855D /* GiftListView.swift */,
				869591211ECAFA8800B8855D /* GiftListView.xib */,
				869591221ECAFA8800B8855D /* GiftViewCell.swift */,
				869591231ECAFA8800B8855D /* GiftViewCell.xib */,
			);
			path = GiftView;
			sourceTree = "<group>";
		};
		869591241ECAFA8800B8855D /* ViewModel */ = {
			isa = PBXGroup;
			children = (
				869591251ECAFA8800B8855D /* EmoticonViewModel.swift */,
				869591261ECAFA8800B8855D /* GiftViewModel.swift */,
			);
			path = ViewModel;
			sourceTree = "<group>";
		};
		86E7F14B1EC1B38000249043 /* Protocol */ = {
			isa = PBXGroup;
			children = (
				86E7F14C1EC1B39200249043 /* Emitterable.swift */,
				869591381ECAFAA100B8855D /* NibLoadable.swift */,
			);
			path = Protocol;
			sourceTree = "<group>";
		};
		8E2929569C9931240CCC6B11 /* Pods */ = {
			isa = PBXGroup;
			children = (
				9F04B7D56BAD3BAEB8F6EBDD /* Pods-XMGTV.debug.xcconfig */,
				C4EFB323AAEB2F5068874C43 /* Pods-XMGTV.release.xcconfig */,
			);
			name = Pods;
			sourceTree = "<group>";
		};
		B59F3C725219A4E55306EC6A /* Frameworks */ = {
			isa = PBXGroup;
			children = (
				F5A85314F85036600EA81B3D /* Pods_XMGTV.framework */,
			);
			name = Frameworks;
			sourceTree = "<group>";
		};
/* End PBXGroup section */

/* Begin PBXNativeTarget section */
		18CAC9A01DD180B9006A328E /* XMGTV */ = {
			isa = PBXNativeTarget;
			buildConfigurationList = 18CAC9B31DD180B9006A328E /* Build configuration list for PBXNativeTarget "XMGTV" */;
			buildPhases = (
				695D7BF576B29C66EA8A67DC /* [CP] Check Pods Manifest.lock */,
				18CAC99D1DD180B9006A328E /* Sources */,
				18CAC99E1DD180B9006A328E /* Frameworks */,
				18CAC99F1DD180B9006A328E /* Resources */,
				4D28005510DC6AB4A8EFEB60 /* [CP] Embed Pods Frameworks */,
				5AA45A1BA4AE042C9E968645 /* [CP] Copy Pods Resources */,
			);
			buildRules = (
			);
			dependencies = (
			);
			name = XMGTV;
			productName = XMGTV;
			productReference = 18CAC9A11DD180B9006A328E /* XMGTV.app */;
			productType = "com.apple.product-type.application";
		};
/* End PBXNativeTarget section */

/* Begin PBXProject section */
		18CAC9991DD180B9006A328E /* Project object */ = {
			isa = PBXProject;
			attributes = {
				LastSwiftUpdateCheck = 0810;
				LastUpgradeCheck = 0830;
				ORGANIZATIONNAME = coderwhy;
				TargetAttributes = {
					18CAC9A01DD180B9006A328E = {
						CreatedOnToolsVersion = 8.1;
						DevelopmentTeam = BD8XR93YF6;
						ProvisioningStyle = Automatic;
					};
				};
			};
			buildConfigurationList = 18CAC99C1DD180B9006A328E /* Build configuration list for PBXProject "XMGTV" */;
			compatibilityVersion = "Xcode 3.2";
			developmentRegion = English;
			hasScannedForEncodings = 0;
			knownRegions = (
				en,
				Base,
			);
			mainGroup = 18CAC9981DD180B9006A328E;
			productRefGroup = 18CAC9A21DD180B9006A328E /* Products */;
			projectDirPath = "";
			projectRoot = "";
			targets = (
				18CAC9A01DD180B9006A328E /* XMGTV */,
			);
		};
/* End PBXProject section */

/* Begin PBXResourcesBuildPhase section */
		18CAC99F1DD180B9006A328E /* Resources */ = {
			isa = PBXResourcesBuildPhase;
			buildActionMask = 2147483647;
			files = (
				8695912E1ECAFA8800B8855D /* ChatToolsView.xib in Resources */,
				869591331ECAFA8800B8855D /* GiftListView.xib in Resources */,
				18CAC9C41DD181B7006A328E /* Rank.storyboard in Resources */,
				869591311ECAFA8800B8855D /* EmoticonViewCell.xib in Resources */,
				18CAC9AF1DD180B9006A328E /* LaunchScreen.storyboard in Resources */,
				18CAC9E41DD2B248006A328E /* types.plist in Resources */,
				18CACA1A1DD2C964006A328E /* HomeViewCell.xib in Resources */,
				18CAC9AC1DD180B9006A328E /* Assets.xcassets in Resources */,
				869591281ECAFA8800B8855D /* RoomViewController.xib in Resources */,
				18CAC9AA1DD180B9006A328E /* Main.storyboard in Resources */,
				869591351ECAFA8800B8855D /* GiftViewCell.xib in Resources */,
				18CAC9C21DD18171006A328E /* Home.storyboard in Resources */,
				18CAC9C91DD182A4006A328E /* Profile.storyboard in Resources */,
				18CAC9C71DD18219006A328E /* Discover.storyboard in Resources */,
			);
			runOnlyForDeploymentPostprocessing = 0;
		};
/* End PBXResourcesBuildPhase section */

/* Begin PBXShellScriptBuildPhase section */
		4D28005510DC6AB4A8EFEB60 /* [CP] Embed Pods Frameworks */ = {
			isa = PBXShellScriptBuildPhase;
			buildActionMask = 2147483647;
			files = (
			);
			inputPaths = (
			);
			name = "[CP] Embed Pods Frameworks";
			outputPaths = (
			);
			runOnlyForDeploymentPostprocessing = 0;
			shellPath = /bin/sh;
			shellScript = "\"${SRCROOT}/Pods/Target Support Files/Pods-XMGTV/Pods-XMGTV-frameworks.sh\"\n";
			showEnvVarsInLog = 0;
		};
		5AA45A1BA4AE042C9E968645 /* [CP] Copy Pods Resources */ = {
			isa = PBXShellScriptBuildPhase;
			buildActionMask = 2147483647;
			files = (
			);
			inputPaths = (
			);
			name = "[CP] Copy Pods Resources";
			outputPaths = (
			);
			runOnlyForDeploymentPostprocessing = 0;
			shellPath = /bin/sh;
			shellScript = "\"${SRCROOT}/Pods/Target Support Files/Pods-XMGTV/Pods-XMGTV-resources.sh\"\n";
			showEnvVarsInLog = 0;
		};
		695D7BF576B29C66EA8A67DC /* [CP] Check Pods Manifest.lock */ = {
			isa = PBXShellScriptBuildPhase;
			buildActionMask = 2147483647;
			files = (
			);
			inputPaths = (
			);
			name = "[CP] Check Pods Manifest.lock";
			outputPaths = (
			);
			runOnlyForDeploymentPostprocessing = 0;
			shellPath = /bin/sh;
			shellScript = "diff \"${PODS_PODFILE_DIR_PATH}/Podfile.lock\" \"${PODS_ROOT}/Manifest.lock\" > /dev/null\nif [ $? != 0 ] ; then\n    # print error to STDERR\n    echo \"error: The sandbox is not in sync with the Podfile.lock. Run 'pod install' or update your CocoaPods installation.\" >&2\n    exit 1\nfi\n";
			showEnvVarsInLog = 0;
		};
/* End PBXShellScriptBuildPhase section */

/* Begin PBXSourcesBuildPhase section */
		18CAC99D1DD180B9006A328E /* Sources */ = {
			isa = PBXSourcesBuildPhase;
			buildActionMask = 2147483647;
			files = (
				18CACA0C1DD2C402006A328E /* NetworkTools.swift in Sources */,
				18CAC9CC1DD182E7006A328E /* MainViewController.swift in Sources */,
				18CAC9DC1DD2AEDD006A328E /* HYTitleStyle.swift in Sources */,
				8695912B1ECAFA8800B8855D /* GiftModel.swift in Sources */,
				18CAC9A51DD180B9006A328E /* AppDelegate.swift in Sources */,
				18CAC9E81DD2B43E006A328E /* AnchorViewController.swift in Sources */,
				869591341ECAFA8800B8855D /* GiftViewCell.swift in Sources */,
				18CAC9BF1DD1811A006A328E /* UIColor-Extension.swift in Sources */,
				869591291ECAFA8800B8855D /* Emoticon.swift in Sources */,
				18CAC9D11DD18750006A328E /* HomeViewController.swift in Sources */,
				18CAC9DB1DD2AEDD006A328E /* HYPageView.swift in Sources */,
				18CACA101DD2C754006A328E /* AnchorModel.swift in Sources */,
				18CAC9EB1DD2B85D006A328E /* WaterfallLayout.swift in Sources */,
				18CACA1E1DD301E9006A328E /* NSDate-Extension.swift in Sources */,
				869591301ECAFA8800B8855D /* EmoticonViewCell.swift in Sources */,
				869591321ECAFA8800B8855D /* GiftListView.swift in Sources */,
				18CAC9E61DD2B2A3006A328E /* HomeType.swift in Sources */,
				86E7F14D1EC1B39200249043 /* Emitterable.swift in Sources */,
				188B88261DD31410007871A4 /* XMGNavigationController.swift in Sources */,
				8695912D1ECAFA8800B8855D /* ChatToolsView.swift in Sources */,
				869591371ECAFA8800B8855D /* GiftViewModel.swift in Sources */,
				869591391ECAFAA100B8855D /* NibLoadable.swift in Sources */,
				18CACA161DD2C800006A328E /* BaseModel.swift in Sources */,
				8695912A1ECAFA8800B8855D /* EmoticonPackage.swift in Sources */,
				869591271ECAFA8800B8855D /* RoomViewController.swift in Sources */,
				8695910D1ECAFA1400B8855D /* HYPageCollectionView.swift in Sources */,
				18CAC9DD1DD2AEDD006A328E /* HYTitleView.swift in Sources */,
				18CAC9DA1DD2AEDD006A328E /* HYContentView.swift in Sources */,
				869591361ECAFA8800B8855D /* EmoticonViewModel.swift in Sources */,
				18CACA0E1DD2C540006A328E /* HomeViewModel.swift in Sources */,
				8695910E1ECAFA1400B8855D /* HYPageCollectionViewLayout.swift in Sources */,
				18CAC9E11DD2B025006A328E /* Const.swift in Sources */,
				18CACA191DD2C964006A328E /* HomeViewCell.swift in Sources */,
				8695912C1ECAFA8800B8855D /* GiftPackage.swift in Sources */,
				8695912F1ECAFA8800B8855D /* EmoticonView.swift in Sources */,
				18CACA1C1DD2CCA4006A328E /* KingfisherExtension.swift in Sources */,
			);
			runOnlyForDeploymentPostprocessing = 0;
		};
/* End PBXSourcesBuildPhase section */

/* Begin PBXVariantGroup section */
		18CAC9A81DD180B9006A328E /* Main.storyboard */ = {
			isa = PBXVariantGroup;
			children = (
				18CAC9A91DD180B9006A328E /* Base */,
			);
			name = Main.storyboard;
			sourceTree = "<group>";
		};
		18CAC9AD1DD180B9006A328E /* LaunchScreen.storyboard */ = {
			isa = PBXVariantGroup;
			children = (
				18CAC9AE1DD180B9006A328E /* Base */,
			);
			name = LaunchScreen.storyboard;
			sourceTree = "<group>";
		};
		18CAC9C01DD18171006A328E /* Home.storyboard */ = {
			isa = PBXVariantGroup;
			children = (
				18CAC9C11DD18171006A328E /* Base */,
			);
			name = Home.storyboard;
			path = ../../..;
			sourceTree = "<group>";
		};
		18CAC9C51DD18219006A328E /* Discover.storyboard */ = {
			isa = PBXVariantGroup;
			children = (
				18CAC9C61DD18219006A328E /* Base */,
			);
			name = Discover.storyboard;
			path = ../..;
			sourceTree = "<group>";
		};
/* End PBXVariantGroup section */

/* Begin XCBuildConfiguration section */
		18CAC9B11DD180B9006A328E /* Debug */ = {
			isa = XCBuildConfiguration;
			buildSettings = {
				ALWAYS_SEARCH_USER_PATHS = NO;
				CLANG_ANALYZER_NONNULL = YES;
				CLANG_CXX_LANGUAGE_STANDARD = "gnu++0x";
				CLANG_CXX_LIBRARY = "libc++";
				CLANG_ENABLE_MODULES = YES;
				CLANG_ENABLE_OBJC_ARC = YES;
				CLANG_WARN_BOOL_CONVERSION = YES;
				CLANG_WARN_CONSTANT_CONVERSION = YES;
				CLANG_WARN_DIRECT_OBJC_ISA_USAGE = YES_ERROR;
				CLANG_WARN_DOCUMENTATION_COMMENTS = YES;
				CLANG_WARN_EMPTY_BODY = YES;
				CLANG_WARN_ENUM_CONVERSION = YES;
				CLANG_WARN_INFINITE_RECURSION = YES;
				CLANG_WARN_INT_CONVERSION = YES;
				CLANG_WARN_OBJC_ROOT_CLASS = YES_ERROR;
				CLANG_WARN_SUSPICIOUS_MOVE = YES;
				CLANG_WARN_SUSPICIOUS_MOVES = YES;
				CLANG_WARN_UNREACHABLE_CODE = YES;
				CLANG_WARN__DUPLICATE_METHOD_MATCH = YES;
				"CODE_SIGN_IDENTITY[sdk=iphoneos*]" = "iPhone Developer";
				COPY_PHASE_STRIP = NO;
				DEBUG_INFORMATION_FORMAT = dwarf;
				ENABLE_STRICT_OBJC_MSGSEND = YES;
				ENABLE_TESTABILITY = YES;
				GCC_C_LANGUAGE_STANDARD = gnu99;
				GCC_DYNAMIC_NO_PIC = NO;
				GCC_NO_COMMON_BLOCKS = YES;
				GCC_OPTIMIZATION_LEVEL = 0;
				GCC_PREPROCESSOR_DEFINITIONS = (
					"DEBUG=1",
					"$(inherited)",
				);
				GCC_WARN_64_TO_32_BIT_CONVERSION = YES;
				GCC_WARN_ABOUT_RETURN_TYPE = YES_ERROR;
				GCC_WARN_UNDECLARED_SELECTOR = YES;
				GCC_WARN_UNINITIALIZED_AUTOS = YES_AGGRESSIVE;
				GCC_WARN_UNUSED_FUNCTION = YES;
				GCC_WARN_UNUSED_VARIABLE = YES;
				IPHONEOS_DEPLOYMENT_TARGET = 10.1;
				MTL_ENABLE_DEBUG_INFO = YES;
				ONLY_ACTIVE_ARCH = YES;
				SDKROOT = iphoneos;
				SWIFT_ACTIVE_COMPILATION_CONDITIONS = DEBUG;
				SWIFT_OPTIMIZATION_LEVEL = "-Onone";
			};
			name = Debug;
		};
		18CAC9B21DD180B9006A328E /* Release */ = {
			isa = XCBuildConfiguration;
			buildSettings = {
				ALWAYS_SEARCH_USER_PATHS = NO;
				CLANG_ANALYZER_NONNULL = YES;
				CLANG_CXX_LANGUAGE_STANDARD = "gnu++0x";
				CLANG_CXX_LIBRARY = "libc++";
				CLANG_ENABLE_MODULES = YES;
				CLANG_ENABLE_OBJC_ARC = YES;
				CLANG_WARN_BOOL_CONVERSION = YES;
				CLANG_WARN_CONSTANT_CONVERSION = YES;
				CLANG_WARN_DIRECT_OBJC_ISA_USAGE = YES_ERROR;
				CLANG_WARN_DOCUMENTATION_COMMENTS = YES;
				CLANG_WARN_EMPTY_BODY = YES;
				CLANG_WARN_ENUM_CONVERSION = YES;
				CLANG_WARN_INFINITE_RECURSION = YES;
				CLANG_WARN_INT_CONVERSION = YES;
				CLANG_WARN_OBJC_ROOT_CLASS = YES_ERROR;
				CLANG_WARN_SUSPICIOUS_MOVE = YES;
				CLANG_WARN_SUSPICIOUS_MOVES = YES;
				CLANG_WARN_UNREACHABLE_CODE = YES;
				CLANG_WARN__DUPLICATE_METHOD_MATCH = YES;
				"CODE_SIGN_IDENTITY[sdk=iphoneos*]" = "iPhone Developer";
				COPY_PHASE_STRIP = NO;
				DEBUG_INFORMATION_FORMAT = "dwarf-with-dsym";
				ENABLE_NS_ASSERTIONS = NO;
				ENABLE_STRICT_OBJC_MSGSEND = YES;
				GCC_C_LANGUAGE_STANDARD = gnu99;
				GCC_NO_COMMON_BLOCKS = YES;
				GCC_WARN_64_TO_32_BIT_CONVERSION = YES;
				GCC_WARN_ABOUT_RETURN_TYPE = YES_ERROR;
				GCC_WARN_UNDECLARED_SELECTOR = YES;
				GCC_WARN_UNINITIALIZED_AUTOS = YES_AGGRESSIVE;
				GCC_WARN_UNUSED_FUNCTION = YES;
				GCC_WARN_UNUSED_VARIABLE = YES;
				IPHONEOS_DEPLOYMENT_TARGET = 10.1;
				MTL_ENABLE_DEBUG_INFO = NO;
				SDKROOT = iphoneos;
				SWIFT_OPTIMIZATION_LEVEL = "-Owholemodule";
				VALIDATE_PRODUCT = YES;
			};
			name = Release;
		};
		18CAC9B41DD180B9006A328E /* Debug */ = {
			isa = XCBuildConfiguration;
			baseConfigurationReference = 9F04B7D56BAD3BAEB8F6EBDD /* Pods-XMGTV.debug.xcconfig */;
			buildSettings = {
				ALWAYS_EMBED_SWIFT_STANDARD_LIBRARIES = YES;
				ASSETCATALOG_COMPILER_APPICON_NAME = AppIcon;
				ASSETCATALOG_COMPILER_LAUNCHIMAGE_NAME = LaunchImage;
				DEVELOPMENT_TEAM = BD8XR93YF6;
				INFOPLIST_FILE = XMGTV/Info.plist;
				IPHONEOS_DEPLOYMENT_TARGET = 9.0;
				LD_RUNPATH_SEARCH_PATHS = "$(inherited) @executable_path/Frameworks";
				PRODUCT_BUNDLE_IDENTIFIER = com.520it.XMGTV;
				PRODUCT_NAME = "$(TARGET_NAME)";
				SWIFT_VERSION = 3.0;
			};
			name = Debug;
		};
		18CAC9B51DD180B9006A328E /* Release */ = {
			isa = XCBuildConfiguration;
			baseConfigurationReference = C4EFB323AAEB2F5068874C43 /* Pods-XMGTV.release.xcconfig */;
			buildSettings = {
				ALWAYS_EMBED_SWIFT_STANDARD_LIBRARIES = YES;
				ASSETCATALOG_COMPILER_APPICON_NAME = AppIcon;
				ASSETCATALOG_COMPILER_LAUNCHIMAGE_NAME = LaunchImage;
				DEVELOPMENT_TEAM = BD8XR93YF6;
				INFOPLIST_FILE = XMGTV/Info.plist;
				IPHONEOS_DEPLOYMENT_TARGET = 9.0;
				LD_RUNPATH_SEARCH_PATHS = "$(inherited) @executable_path/Frameworks";
				PRODUCT_BUNDLE_IDENTIFIER = com.520it.XMGTV;
				PRODUCT_NAME = "$(TARGET_NAME)";
				SWIFT_VERSION = 3.0;
			};
			name = Release;
		};
/* End XCBuildConfiguration section */

/* Begin XCConfigurationList section */
		18CAC99C1DD180B9006A328E /* Build configuration list for PBXProject "XMGTV" */ = {
			isa = XCConfigurationList;
			buildConfigurations = (
				18CAC9B11DD180B9006A328E /* Debug */,
				18CAC9B21DD180B9006A328E /* Release */,
			);
			defaultConfigurationIsVisible = 0;
			defaultConfigurationName = Release;
		};
		18CAC9B31DD180B9006A328E /* Build configuration list for PBXNativeTarget "XMGTV" */ = {
			isa = XCConfigurationList;
			buildConfigurations = (
				18CAC9B41DD180B9006A328E /* Debug */,
				18CAC9B51DD180B9006A328E /* Release */,
			);
			defaultConfigurationIsVisible = 0;
			defaultConfigurationName = Release;
		};
/* End XCConfigurationList section */
	};
	rootObject = 18CAC9991DD180B9006A328E /* Project object */;
}
